
Microsoft Visual Studio Solution File, Format Version 12.00
# Visual Studio Version 16
VisualStudioVersion = 16.0.30204.135
MinimumVisualStudioVersion = 10.0.40219.1
Project("{FAE04EC0-301F-11D3-BF4B-00C04F79EFBC}") = "Api", "Api.csproj", "{8EE0B401-713A-4E6A-A738-ED99A578DAAA}"
EndProject
Project("{FAE04EC0-301F-11D3-BF4B-00C04F79EFBC}") = "Domain", "..\Domain\Domain.csproj", "{F378A8D5-6F52-40CA-8839-785DDE2D59E4}"
EndProject
Project("{FAE04EC0-301F-11D3-BF4B-00C04F79EFBC}") = "Dao", "..\Dao\Dao.csproj", "{6FC3125A-327D-42B3-9B82-4259E9CE598D}"
EndProject
Project("{FAE04EC0-301F-11D3-BF4B-00C04F79EFBC}") = "Service", "..\Service\Service.csproj", "{3B82132E-2180-4E8A-B393-D1C2CADC9136}"
EndProject
Project("{FAE04EC0-301F-11D3-BF4B-00C04F79EFBC}") = "Dto", "..\Dto\Dto.csproj", "{43EDA84E-610C-4726-A914-ACC685A54EFD}"
EndProject
Project("{FAE04EC0-301F-11D3-BF4B-00C04F79EFBC}") = "ResourceException", "..\ResourceException\ResourceException.csproj", "{B42E57E1-81F0-4785-A5AD-6B79FFDE7650}"
EndProject
Global
	GlobalSection(SolutionConfigurationPlatforms) = preSolution
		Debug|Any CPU = Debug|Any CPU
		Release|Any CPU = Release|Any CPU
	EndGlobalSection
	GlobalSection(ProjectConfigurationPlatforms) = postSolution
		{8EE0B401-713A-4E6A-A738-ED99A578DAAA}.Debug|Any CPU.ActiveCfg = Debug|Any CPU
		{8EE0B401-713A-4E6A-A738-ED99A578DAAA}.Debug|Any CPU.Build.0 = Debug|Any CPU
		{8EE0B401-713A-4E6A-A738-ED99A578DAAA}.Release|Any CPU.ActiveCfg = Release|Any CPU
		{8EE0B401-713A-4E6A-A738-ED99A578DAAA}.Release|Any CPU.Build.0 = Release|Any CPU
		{F378A8D5-6F52-40CA-8839-785DDE2D59E4}.Debug|Any CPU.ActiveCfg = Debug|Any CPU
		{F378A8D5-6F52-40CA-8839-785DDE2D59E4}.Debug|Any CPU.Build.0 = Debug|Any CPU
		{F378A8D5-6F52-40CA-8839-785DDE2D59E4}.Release|Any CPU.ActiveCfg = Release|Any CPU
		{F378A8D5-6F52-40CA-8839-785DDE2D59E4}.Release|Any CPU.Build.0 = Release|Any CPU
		{6FC3125A-327D-42B3-9B82-4259E9CE598D}.Debug|Any CPU.ActiveCfg = Debug|Any CPU
		{6FC3125A-327D-42B3-9B82-4259E9CE598D}.Debug|Any CPU.Build.0 = Debug|Any CPU
		{6FC3125A-327D-42B3-9B82-4259E9CE598D}.Release|Any CPU.ActiveCfg = Release|Any CPU
		{6FC3125A-327D-42B3-9B82-4259E9CE598D}.Release|Any CPU.Build.0 = Release|Any CPU
		{3B82132E-2180-4E8A-B393-D1C2CADC9136}.Debug|Any CPU.ActiveCfg = Debug|Any CPU
		{3B82132E-2180-4E8A-B393-D1C2CADC9136}.Debug|Any CPU.Build.0 = Debug|Any CPU
		{3B82132E-2180-4E8A-B393-D1C2CADC9136}.Release|Any CPU.ActiveCfg = Release|Any CPU
		{3B82132E-2180-4E8A-B393-D1C2CADC9136}.Release|Any CPU.Build.0 = Release|Any CPU
		{43EDA84E-610C-4726-A914-ACC685A54EFD}.Debug|Any CPU.ActiveCfg = Debug|Any CPU
		{43EDA84E-610C-4726-A914-ACC685A54EFD}.Debug|Any CPU.Build.0 = Debug|Any CPU
		{43EDA84E-610C-4726-A914-ACC685A54EFD}.Release|Any CPU.ActiveCfg = Release|Any CPU
		{43EDA84E-610C-4726-A914-ACC685A54EFD}.Release|Any CPU.Build.0 = Release|Any CPU
		{B42E57E1-81F0-4785-A5AD-6B79FFDE7650}.Debug|Any CPU.ActiveCfg = Debug|Any CPU
		{B42E57E1-81F0-4785-A5AD-6B79FFDE7650}.Debug|Any CPU.Build.0 = Debug|Any CPU
		{B42E57E1-81F0-4785-A5AD-6B79FFDE7650}.Release|Any CPU.ActiveCfg = Release|Any CPU
		{B42E57E1-81F0-4785-A5AD-6B79FFDE7650}.Release|Any CPU.Build.0 = Release|Any CPU
	EndGlobalSection
	GlobalSection(SolutionProperties) = preSolution
		HideSolutionNode = FALSE
	EndGlobalSection
	GlobalSection(ExtensibilityGlobals) = postSolution
		SolutionGuid = {4A2F27E9-3596-4E8F-A457-DCE0CB2CE786}
	EndGlobalSection
EndGlobal
